// !$*UTF8*$!
{
	archiveVersion = 1;
	classes = {
	};
	objectVersion = 46;
	objects = {

/* Begin PBXBuildFile section */
		1FBE40A31B67D3CD001DABC2 /* AppDelegate.swift in Sources */ = {isa = PBXBuildFile; fileRef = 1FBE40A21B67D3CD001DABC2 /* AppDelegate.swift */; };
		1FBE40AA1B67D3CD001DABC2 /* Assets.xcassets in Resources */ = {isa = PBXBuildFile; fileRef = 1FBE40A91B67D3CD001DABC2 /* Assets.xcassets */; };
		1FBE40BE1B67E29B001DABC2 /* MainViewController.swift in Sources */ = {isa = PBXBuildFile; fileRef = 1FBE40BD1B67E29B001DABC2 /* MainViewController.swift */; };
		1FBE40C01B67E2EE001DABC2 /* HomeTableViewController.swift in Sources */ = {isa = PBXBuildFile; fileRef = 1FBE40BF1B67E2EE001DABC2 /* HomeTableViewController.swift */; };
		1FBE40C21B67E328001DABC2 /* MessageTableViewController.swift in Sources */ = {isa = PBXBuildFile; fileRef = 1FBE40C11B67E328001DABC2 /* MessageTableViewController.swift */; };
		1FBE40C41B67E340001DABC2 /* DiscoverTableViewController.swift in Sources */ = {isa = PBXBuildFile; fileRef = 1FBE40C31B67E340001DABC2 /* DiscoverTableViewController.swift */; };
		1FBE40C61B67E350001DABC2 /* ProfileTableViewController.swift in Sources */ = {isa = PBXBuildFile; fileRef = 1FBE40C51B67E350001DABC2 /* ProfileTableViewController.swift */; };
/* End PBXBuildFile section */

/* Begin PBXFileReference section */
		1FBE409F1B67D3CD001DABC2 /* weibo.app */ = {isa = PBXFileReference; explicitFileType = wrapper.application; includeInIndex = 0; path = weibo.app; sourceTree = BUILT_PRODUCTS_DIR; };
		1FBE40A21B67D3CD001DABC2 /* AppDelegate.swift */ = {isa = PBXFileReference; lastKnownFileType = sourcecode.swift; path = AppDelegate.swift; sourceTree = "<group>"; };
		1FBE40A91B67D3CD001DABC2 /* Assets.xcassets */ = {isa = PBXFileReference; lastKnownFileType = folder.assetcatalog; path = Assets.xcassets; sourceTree = "<group>"; };
		1FBE40AE1B67D3CD001DABC2 /* Info.plist */ = {isa = PBXFileReference; lastKnownFileType = text.plist.xml; path = Info.plist; sourceTree = "<group>"; };
		1FBE40BD1B67E29B001DABC2 /* MainViewController.swift */ = {isa = PBXFileReference; fileEncoding = 4; lastKnownFileType = sourcecode.swift; path = MainViewController.swift; sourceTree = "<group>"; };
		1FBE40BF1B67E2EE001DABC2 /* HomeTableViewController.swift */ = {isa = PBXFileReference; fileEncoding = 4; lastKnownFileType = sourcecode.swift; path = HomeTableViewController.swift; sourceTree = "<group>"; };
		1FBE40C11B67E328001DABC2 /* MessageTableViewController.swift */ = {isa = PBXFileReference; fileEncoding = 4; lastKnownFileType = sourcecode.swift; path = MessageTableViewController.swift; sourceTree = "<group>"; };
		1FBE40C31B67E340001DABC2 /* DiscoverTableViewController.swift */ = {isa = PBXFileReference; fileEncoding = 4; lastKnownFileType = sourcecode.swift; path = DiscoverTableViewController.swift; sourceTree = "<group>"; };
		1FBE40C51B67E350001DABC2 /* ProfileTableViewController.swift */ = {isa = PBXFileReference; fileEncoding = 4; lastKnownFileType = sourcecode.swift; path = ProfileTableViewController.swift; sourceTree = "<group>"; };
/* End PBXFileReference section */

/* Begin PBXFrameworksBuildPhase section */
		1FBE409C1B67D3CD001DABC2 /* Frameworks */ = {
			isa = PBXFrameworksBuildPhase;
			buildActionMask = 2147483647;
			files = (
			);
			runOnlyForDeploymentPostprocessing = 0;
		};
/* End PBXFrameworksBuildPhase section */

/* Begin PBXGroup section */
		1FBE40961B67D3CD001DABC2 = {
			isa = PBXGroup;
			children = (
				1FBE40A11B67D3CD001DABC2 /* weibo */,
				1FBE40A01B67D3CD001DABC2 /* Products */,
			);
			sourceTree = "<group>";
		};
		1FBE40A01B67D3CD001DABC2 /* Products */ = {
			isa = PBXGroup;
			children = (
				1FBE409F1B67D3CD001DABC2 /* weibo.app */,
			);
			name = Products;
			sourceTree = "<group>";
		};
		1FBE40A11B67D3CD001DABC2 /* weibo */ = {
			isa = PBXGroup;
			children = (
				1FBE40B41B67E0B0001DABC2 /* Classes */,
				1FBE40A21B67D3CD001DABC2 /* AppDelegate.swift */,
				1FBE40A91B67D3CD001DABC2 /* Assets.xcassets */,
				1FBE40AE1B67D3CD001DABC2 /* Info.plist */,
			);
			path = weibo;
			sourceTree = "<group>";
		};
		1FBE40B41B67E0B0001DABC2 /* Classes */ = {
			isa = PBXGroup;
			children = (
				1FBE40B51B67E0B0001DABC2 /* Model（业务模型） */,
				1FBE40B61B67E0B0001DABC2 /* Module（功能模块） */,
				1FBE40BC1B67E0B0001DABC2 /* Tools（工具） */,
			);
			path = Classes;
			sourceTree = "<group>";
		};
		1FBE40B51B67E0B0001DABC2 /* Model（业务模型） */ = {
			isa = PBXGroup;
			children = (
			);
			name = "Model（业务模型）";
			path = Model;
			sourceTree = "<group>";
		};
		1FBE40B61B67E0B0001DABC2 /* Module（功能模块） */ = {
			isa = PBXGroup;
			children = (
				1FBE40B91B67E0B0001DABC2 /* Main */,
				1FBE40B81B67E0B0001DABC2 /* Home */,
				1FBE40BA1B67E0B0001DABC2 /* Message */,
				1FBE40B71B67E0B0001DABC2 /* Discover */,
				1FBE40BB1B67E0B0001DABC2 /* Profile */,
			);
			name = "Module（功能模块）";
			path = Module;
			sourceTree = "<group>";
		};
		1FBE40B71B67E0B0001DABC2 /* Discover */ = {
			isa = PBXGroup;
			children = (
				1FBE40C31B67E340001DABC2 /* DiscoverTableViewController.swift */,
			);
			path = Discover;
			sourceTree = "<group>";
		};
		1FBE40B81B67E0B0001DABC2 /* Home */ = {
			isa = PBXGroup;
			children = (
				1FBE40BF1B67E2EE001DABC2 /* HomeTableViewController.swift */,
			);
			path = Home;
			sourceTree = "<group>";
		};
		1FBE40B91B67E0B0001DABC2 /* Main */ = {
			isa = PBXGroup;
			children = (
				1FBE40BD1B67E29B001DABC2 /* MainViewController.swift */,
			);
			path = Main;
			sourceTree = "<group>";
		};
		1FBE40BA1B67E0B0001DABC2 /* Message */ = {
			isa = PBXGroup;
			children = (
				1FBE40C11B67E328001DABC2 /* MessageTableViewController.swift */,
			);
			path = Message;
			sourceTree = "<group>";
		};
		1FBE40BB1B67E0B0001DABC2 /* Profile */ = {
			isa = PBXGroup;
			children = (
				1FBE40C51B67E350001DABC2 /* ProfileTableViewController.swift */,
			);
			path = Profile;
			sourceTree = "<group>";
		};
		1FBE40BC1B67E0B0001DABC2 /* Tools（工具） */ = {
			isa = PBXGroup;
			children = (
			);
			name = "Tools（工具）";
			path = Tools;
			sourceTree = "<group>";
		};
/* End PBXGroup section */

/* Begin PBXNativeTarget section */
		1FBE409E1B67D3CD001DABC2 /* weibo */ = {
			isa = PBXNativeTarget;
			buildConfigurationList = 1FBE40B11B67D3CD001DABC2 /* Build configuration list for PBXNativeTarget "weibo" */;
			buildPhases = (
				1FBE409B1B67D3CD001DABC2 /* Sources */,
				1FBE409C1B67D3CD001DABC2 /* Frameworks */,
				1FBE409D1B67D3CD001DABC2 /* Resources */,
			);
			buildRules = (
			);
			dependencies = (
			);
			name = weibo;
			productName = weibo;
			productReference = 1FBE409F1B67D3CD001DABC2 /* weibo.app */;
			productType = "com.apple.product-type.application";
		};
/* End PBXNativeTarget section */

/* Begin PBXProject section */
		1FBE40971B67D3CD001DABC2 /* Project object */ = {
			isa = PBXProject;
			attributes = {
				LastUpgradeCheck = 0700;
				ORGANIZATIONNAME = "张衡";
				TargetAttributes = {
					1FBE409E1B67D3CD001DABC2 = {
						CreatedOnToolsVersion = 7.0;
					};
				};
			};
			buildConfigurationList = 1FBE409A1B67D3CD001DABC2 /* Build configuration list for PBXProject "weibo" */;
			compatibilityVersion = "Xcode 3.2";
			developmentRegion = English;
			hasScannedForEncodings = 0;
			knownRegions = (
				en,
				Base,
			);
			mainGroup = 1FBE40961B67D3CD001DABC2;
			productRefGroup = 1FBE40A01B67D3CD001DABC2 /* Products */;
			projectDirPath = "";
			projectRoot = "";
			targets = (
				1FBE409E1B67D3CD001DABC2 /* weibo */,
			);
		};
/* End PBXProject section */

/* Begin PBXResourcesBuildPhase section */
		1FBE409D1B67D3CD001DABC2 /* Resources */ = {
			isa = PBXResourcesBuildPhase;
			buildActionMask = 2147483647;
			files = (
				1FBE40AA1B67D3CD001DABC2 /* Assets.xcassets in Resources */,
			);
			runOnlyForDeploymentPostprocessing = 0;
		};
/* End PBXResourcesBuildPhase section */

/* Begin PBXSourcesBuildPhase section */
		1FBE409B1B67D3CD001DABC2 /* Sources */ = {
			isa = PBXSourcesBuildPhase;
			buildActionMask = 2147483647;
			files = (
				1FBE40C61B67E350001DABC2 /* ProfileTableViewController.swift in Sources */,
				1FBE40C01B67E2EE001DABC2 /* HomeTableViewController.swift in Sources */,
				1FBE40A31B67D3CD001DABC2 /* AppDelegate.swift in Sources */,
				1FBE40C21B67E328001DABC2 /* MessageTableViewController.swift in Sources */,
				1FBE40C41B67E340001DABC2 /* DiscoverTableViewController.swift in Sources */,
				1FBE40BE1B67E29B001DABC2 /* MainViewController.swift in Sources */,
			);
			runOnlyForDeploymentPostprocessing = 0;
		};
/* End PBXSourcesBuildPhase section */

/* Begin XCBuildConfiguration section */
		1FBE40AF1B67D3CD001DABC2 /* Debug */ = {
			isa = XCBuildConfiguration;
			buildSettings = {
				ALWAYS_SEARCH_USER_PATHS = NO;
				CLANG_CXX_LANGUAGE_STANDARD = "gnu++0x";
				CLANG_CXX_LIBRARY = "libc++";
				CLANG_ENABLE_MODULES = YES;
				CLANG_ENABLE_OBJC_ARC = YES;
				CLANG_WARN_BOOL_CONVERSION = YES;
				CLANG_WARN_CONSTANT_CONVERSION = YES;
				CLANG_WARN_DIRECT_OBJC_ISA_USAGE = YES_ERROR;
				CLANG_WARN_EMPTY_BODY = YES;
				CLANG_WARN_ENUM_CONVERSION = YES;
				CLANG_WARN_INT_CONVERSION = YES;
				CLANG_WARN_OBJC_ROOT_CLASS = YES_ERROR;
				CLANG_WARN_UNREACHABLE_CODE = YES;
				CLANG_WARN__DUPLICATE_METHOD_MATCH = YES;
				"CODE_SIGN_IDENTITY[sdk=iphoneos*]" = "iPhone Developer";
				COPY_PHASE_STRIP = NO;
				DEBUG_INFORMATION_FORMAT = dwarf;
				ENABLE_STRICT_OBJC_MSGSEND = YES;
				ENABLE_TESTABILITY = YES;
				GCC_C_LANGUAGE_STANDARD = gnu99;
				GCC_DYNAMIC_NO_PIC = NO;
				GCC_NO_COMMON_BLOCKS = YES;
				GCC_OPTIMIZATION_LEVEL = 0;
				GCC_PREPROCESSOR_DEFINITIONS = (
					"DEBUG=1",
					"$(inherited)",
				);
				GCC_WARN_64_TO_32_BIT_CONVERSION = YES;
				GCC_WARN_ABOUT_RETURN_TYPE = YES_ERROR;
				GCC_WARN_UNDECLARED_SELECTOR = YES;
				GCC_WARN_UNINITIALIZED_AUTOS = YES_AGGRESSIVE;
				GCC_WARN_UNUSED_FUNCTION = YES;
				GCC_WARN_UNUSED_VARIABLE = YES;
				IPHONEOS_DEPLOYMENT_TARGET = 9.0;
				MTL_ENABLE_DEBUG_INFO = YES;
				ONLY_ACTIVE_ARCH = YES;
				SDKROOT = iphoneos;
				SWIFT_OPTIMIZATION_LEVEL = "-Onone";
			};
			name = Debug;
		};
		1FBE40B01B67D3CD001DABC2 /* Release */ = {
			isa = XCBuildConfiguration;
			buildSettings = {
				ALWAYS_SEARCH_USER_PATHS = NO;
				CLANG_CXX_LANGUAGE_STANDARD = "gnu++0x";
				CLANG_CXX_LIBRARY = "libc++";
				CLANG_ENABLE_MODULES = YES;
				CLANG_ENABLE_OBJC_ARC = YES;
				CLANG_WARN_BOOL_CONVERSION = YES;
				CLANG_WARN_CONSTANT_CONVERSION = YES;
				CLANG_WARN_DIRECT_OBJC_ISA_USAGE = YES_ERROR;
				CLANG_WARN_EMPTY_BODY = YES;
				CLANG_WARN_ENUM_CONVERSION = YES;
				CLANG_WARN_INT_CONVERSION = YES;
				CLANG_WARN_OBJC_ROOT_CLASS = YES_ERROR;
				CLANG_WARN_UNREACHABLE_CODE = YES;
				CLANG_WARN__DUPLICATE_METHOD_MATCH = YES;
				"CODE_SIGN_IDENTITY[sdk=iphoneos*]" = "iPhone Developer";
				COPY_PHASE_STRIP = NO;
				DEBUG_INFORMATION_FORMAT = "dwarf-with-dsym";
				ENABLE_NS_ASSERTIONS = NO;
				ENABLE_STRICT_OBJC_MSGSEND = YES;
				GCC_C_LANGUAGE_STANDARD = gnu99;
				GCC_NO_COMMON_BLOCKS = YES;
				GCC_WARN_64_TO_32_BIT_CONVERSION = YES;
				GCC_WARN_ABOUT_RETURN_TYPE = YES_ERROR;
				GCC_WARN_UNDECLARED_SELECTOR = YES;
				GCC_WARN_UNINITIALIZED_AUTOS = YES_AGGRESSIVE;
				GCC_WARN_UNUSED_FUNCTION = YES;
				GCC_WARN_UNUSED_VARIABLE = YES;
				IPHONEOS_DEPLOYMENT_TARGET = 9.0;
				MTL_ENABLE_DEBUG_INFO = NO;
				SDKROOT = iphoneos;
				VALIDATE_PRODUCT = YES;
			};
			name = Release;
		};
		1FBE40B21B67D3CD001DABC2 /* Debug */ = {
			isa = XCBuildConfiguration;
			buildSettings = {
				ASSETCATALOG_COMPILER_APPICON_NAME = AppIcon;
				ASSETCATALOG_COMPILER_LAUNCHIMAGE_NAME = LaunchImage;
				INFOPLIST_FILE = weibo/Info.plist;
				LD_RUNPATH_SEARCH_PATHS = "$(inherited) @executable_path/Frameworks";
				PRODUCT_BUNDLE_IDENTIFIER = friends.weibo;
				PRODUCT_NAME = "$(TARGET_NAME)";
			};
			name = Debug;
		};
		1FBE40B31B67D3CD001DABC2 /* Release */ = {
			isa = XCBuildConfiguration;
			buildSettings = {
				ASSETCATALOG_COMPILER_APPICON_NAME = AppIcon;
				ASSETCATALOG_COMPILER_LAUNCHIMAGE_NAME = LaunchImage;
				INFOPLIST_FILE = weibo/Info.plist;
				LD_RUNPATH_SEARCH_PATHS = "$(inherited) @executable_path/Frameworks";
				PRODUCT_BUNDLE_IDENTIFIER = friends.weibo;
				PRODUCT_NAME = "$(TARGET_NAME)";
			};
			name = Release;
		};
/* End XCBuildConfiguration section */

/* Begin XCConfigurationList section */
		1FBE409A1B67D3CD001DABC2 /* Build configuration list for PBXProject "weibo" */ = {
			isa = XCConfigurationList;
			buildConfigurations = (
				1FBE40AF1B67D3CD001DABC2 /* Debug */,
				1FBE40B01B67D3CD001DABC2 /* Release */,
			);
			defaultConfigurationIsVisible = 0;
			defaultConfigurationName = Release;
		};
		1FBE40B11B67D3CD001DABC2 /* Build configuration list for PBXNativeTarget "weibo" */ = {
			isa = XCConfigurationList;
			buildConfigurations = (
				1FBE40B21B67D3CD001DABC2 /* Debug */,
				1FBE40B31B67D3CD001DABC2 /* Release */,
			);
			defaultConfigurationIsVisible = 0;
			defaultConfigurationName = Release;
		};
/* End XCConfigurationList section */
	};
	rootObject = 1FBE40971B67D3CD001DABC2 /* Project object */;
}
