// !$*UTF8*$!
{
	archiveVersion = 1;
	classes = {
	};
	objectVersion = 46;
	objects = {

/* Begin PBXBuildFile section */
		1FBE40A31B67D3CD001DABC2 /* AppDelegate.swift in Sources */ = {isa = PBXBuildFile; fileRef = 1FBE40A21B67D3CD001DABC2 /* AppDelegate.swift */; };
		1FBE40A51B67D3CD001DABC2 /* ViewController.swift in Sources */ = {isa = PBXBuildFile; fileRef = 1FBE40A41B67D3CD001DABC2 /* ViewController.swift */; };
		1FBE40A81B67D3CD001DABC2 /* Main.storyboard in Resources */ = {isa = PBXBuildFile; fileRef = 1FBE40A61B67D3CD001DABC2 /* Main.storyboard */; };
		1FBE40AA1B67D3CD001DABC2 /* Assets.xcassets in Resources */ = {isa = PBXBuildFile; fileRef = 1FBE40A91B67D3CD001DABC2 /* Assets.xcassets */; };
		1FBE40AD1B67D3CD001DABC2 /* LaunchScreen.storyboard in Resources */ = {isa = PBXBuildFile; fileRef = 1FBE40AB1B67D3CD001DABC2 /* LaunchScreen.storyboard */; };
/* End PBXBuildFile section */

/* Begin PBXFileReference section */
		1FBE409F1B67D3CD001DABC2 /* weibo.app */ = {isa = PBXFileReference; explicitFileType = wrapper.application; includeInIndex = 0; path = weibo.app; sourceTree = BUILT_PRODUCTS_DIR; };
		1FBE40A21B67D3CD001DABC2 /* AppDelegate.swift */ = {isa = PBXFileReference; lastKnownFileType = sourcecode.swift; path = AppDelegate.swift; sourceTree = "<group>"; };
		1FBE40A41B67D3CD001DABC2 /* ViewController.swift */ = {isa = PBXFileReference; lastKnownFileType = sourcecode.swift; path = ViewController.swift; sourceTree = "<group>"; };
		1FBE40A71B67D3CD001DABC2 /* Base */ = {isa = PBXFileReference; lastKnownFileType = file.storyboard; name = Base; path = Base.lproj/Main.storyboard; sourceTree = "<group>"; };
		1FBE40A91B67D3CD001DABC2 /* Assets.xcassets */ = {isa = PBXFileReference; lastKnownFileType = folder.assetcatalog; path = Assets.xcassets; sourceTree = "<group>"; };
		1FBE40AC1B67D3CD001DABC2 /* Base */ = {isa = PBXFileReference; lastKnownFileType = file.storyboard; name = Base; path = Base.lproj/LaunchScreen.storyboard; sourceTree = "<group>"; };
		1FBE40AE1B67D3CD001DABC2 /* Info.plist */ = {isa = PBXFileReference; lastKnownFileType = text.plist.xml; path = Info.plist; sourceTree = "<group>"; };
/* End PBXFileReference section */

/* Begin PBXFrameworksBuildPhase section */
		1FBE409C1B67D3CD001DABC2 /* Frameworks */ = {
			isa = PBXFrameworksBuildPhase;
			buildActionMask = 2147483647;
			files = (
			);
			runOnlyForDeploymentPostprocessing = 0;
		};
/* End PBXFrameworksBuildPhase section */

/* Begin PBXGroup section */
		1FBE40961B67D3CD001DABC2 = {
			isa = PBXGroup;
			children = (
				1FBE40A11B67D3CD001DABC2 /* weibo */,
				1FBE40A01B67D3CD001DABC2 /* Products */,
			);
			sourceTree = "<group>";
		};
		1FBE40A01B67D3CD001DABC2 /* Products */ = {
			isa = PBXGroup;
			children = (
				1FBE409F1B67D3CD001DABC2 /* weibo.app */,
			);
			name = Products;
			sourceTree = "<group>";
		};
		1FBE40A11B67D3CD001DABC2 /* weibo */ = {
			isa = PBXGroup;
			children = (
				1FBE40A21B67D3CD001DABC2 /* AppDelegate.swift */,
				1FBE40A41B67D3CD001DABC2 /* ViewController.swift */,
				1FBE40A61B67D3CD001DABC2 /* Main.storyboard */,
				1FBE40A91B67D3CD001DABC2 /* Assets.xcassets */,
				1FBE40AB1B67D3CD001DABC2 /* LaunchScreen.storyboard */,
				1FBE40AE1B67D3CD001DABC2 /* Info.plist */,
			);
			path = weibo;
			sourceTree = "<group>";
		};
/* End PBXGroup section */

/* Begin PBXNativeTarget section */
		1FBE409E1B67D3CD001DABC2 /* weibo */ = {
			isa = PBXNativeTarget;
			buildConfigurationList = 1FBE40B11B67D3CD001DABC2 /* Build configuration list for PBXNativeTarget "weibo" */;
			buildPhases = (
				1FBE409B1B67D3CD001DABC2 /* Sources */,
				1FBE409C1B67D3CD001DABC2 /* Frameworks */,
				1FBE409D1B67D3CD001DABC2 /* Resources */,
			);
			buildRules = (
			);
			dependencies = (
			);
			name = weibo;
			productName = weibo;
			productReference = 1FBE409F1B67D3CD001DABC2 /* weibo.app */;
			productType = "com.apple.product-type.application";
		};
/* End PBXNativeTarget section */

/* Begin PBXProject section */
		1FBE40971B67D3CD001DABC2 /* Project object */ = {
			isa = PBXProject;
			attributes = {
				LastUpgradeCheck = 0700;
				ORGANIZATIONNAME = "张衡";
				TargetAttributes = {
					1FBE409E1B67D3CD001DABC2 = {
						CreatedOnToolsVersion = 7.0;
					};
				};
			};
			buildConfigurationList = 1FBE409A1B67D3CD001DABC2 /* Build configuration list for PBXProject "weibo" */;
			compatibilityVersion = "Xcode 3.2";
			developmentRegion = English;
			hasScannedForEncodings = 0;
			knownRegions = (
				en,
				Base,
			);
			mainGroup = 1FBE40961B67D3CD001DABC2;
			productRefGroup = 1FBE40A01B67D3CD001DABC2 /* Products */;
			projectDirPath = "";
			projectRoot = "";
			targets = (
				1FBE409E1B67D3CD001DABC2 /* weibo */,
			);
		};
/* End PBXProject section */

/* Begin PBXResourcesBuildPhase section */
		1FBE409D1B67D3CD001DABC2 /* Resources */ = {
			isa = PBXResourcesBuildPhase;
			buildActionMask = 2147483647;
			files = (
				1FBE40AD1B67D3CD001DABC2 /* LaunchScreen.storyboard in Resources */,
				1FBE40AA1B67D3CD001DABC2 /* Assets.xcassets in Resources */,
				1FBE40A81B67D3CD001DABC2 /* Main.storyboard in Resources */,
			);
			runOnlyForDeploymentPostprocessing = 0;
		};
/* End PBXResourcesBuildPhase section */

/* Begin PBXSourcesBuildPhase section */
		1FBE409B1B67D3CD001DABC2 /* Sources */ = {
			isa = PBXSourcesBuildPhase;
			buildActionMask = 2147483647;
			files = (
				1FBE40A51B67D3CD001DABC2 /* ViewController.swift in Sources */,
				1FBE40A31B67D3CD001DABC2 /* AppDelegate.swift in Sources */,
			);
			runOnlyForDeploymentPostprocessing = 0;
		};
/* End PBXSourcesBuildPhase section */

/* Begin PBXVariantGroup section */
		1FBE40A61B67D3CD001DABC2 /* Main.storyboard */ = {
			isa = PBXVariantGroup;
			children = (
				1FBE40A71B67D3CD001DABC2 /* Base */,
			);
			name = Main.storyboard;
			sourceTree = "<group>";
		};
		1FBE40AB1B67D3CD001DABC2 /* LaunchScreen.storyboard */ = {
			isa = PBXVariantGroup;
			children = (
				1FBE40AC1B67D3CD001DABC2 /* Base */,
			);
			name = LaunchScreen.storyboard;
			sourceTree = "<group>";
		};
/* End PBXVariantGroup section */

/* Begin XCBuildConfiguration section */
		1FBE40AF1B67D3CD001DABC2 /* Debug */ = {
			isa = XCBuildConfiguration;
			buildSettings = {
				ALWAYS_SEARCH_USER_PATHS = NO;
				CLANG_CXX_LANGUAGE_STANDARD = "gnu++0x";
				CLANG_CXX_LIBRARY = "libc++";
				CLANG_ENABLE_MODULES = YES;
				CLANG_ENABLE_OBJC_ARC = YES;
				CLANG_WARN_BOOL_CONVERSION = YES;
				CLANG_WARN_CONSTANT_CONVERSION = YES;
				CLANG_WARN_DIRECT_OBJC_ISA_USAGE = YES_ERROR;
				CLANG_WARN_EMPTY_BODY = YES;
				CLANG_WARN_ENUM_CONVERSION = YES;
				CLANG_WARN_INT_CONVERSION = YES;
				CLANG_WARN_OBJC_ROOT_CLASS = YES_ERROR;
				CLANG_WARN_UNREACHABLE_CODE = YES;
				CLANG_WARN__DUPLICATE_METHOD_MATCH = YES;
				"CODE_SIGN_IDENTITY[sdk=iphoneos*]" = "iPhone Developer";
				COPY_PHASE_STRIP = NO;
				DEBUG_INFORMATION_FORMAT = dwarf;
				ENABLE_STRICT_OBJC_MSGSEND = YES;
				ENABLE_TESTABILITY = YES;
				GCC_C_LANGUAGE_STANDARD = gnu99;
				GCC_DYNAMIC_NO_PIC = NO;
				GCC_NO_COMMON_BLOCKS = YES;
				GCC_OPTIMIZATION_LEVEL = 0;
				GCC_PREPROCESSOR_DEFINITIONS = (
					"DEBUG=1",
					"$(inherited)",
				);
				GCC_WARN_64_TO_32_BIT_CONVERSION = YES;
				GCC_WARN_ABOUT_RETURN_TYPE = YES_ERROR;
				GCC_WARN_UNDECLARED_SELECTOR = YES;
				GCC_WARN_UNINITIALIZED_AUTOS = YES_AGGRESSIVE;
				GCC_WARN_UNUSED_FUNCTION = YES;
				GCC_WARN_UNUSED_VARIABLE = YES;
				IPHONEOS_DEPLOYMENT_TARGET = 9.0;
				MTL_ENABLE_DEBUG_INFO = YES;
				ONLY_ACTIVE_ARCH = YES;
				SDKROOT = iphoneos;
				SWIFT_OPTIMIZATION_LEVEL = "-Onone";
			};
			name = Debug;
		};
		1FBE40B01B67D3CD001DABC2 /* Release */ = {
			isa = XCBuildConfiguration;
			buildSettings = {
				ALWAYS_SEARCH_USER_PATHS = NO;
				CLANG_CXX_LANGUAGE_STANDARD = "gnu++0x";
				CLANG_CXX_LIBRARY = "libc++";
				CLANG_ENABLE_MODULES = YES;
				CLANG_ENABLE_OBJC_ARC = YES;
				CLANG_WARN_BOOL_CONVERSION = YES;
				CLANG_WARN_CONSTANT_CONVERSION = YES;
				CLANG_WARN_DIRECT_OBJC_ISA_USAGE = YES_ERROR;
				CLANG_WARN_EMPTY_BODY = YES;
				CLANG_WARN_ENUM_CONVERSION = YES;
				CLANG_WARN_INT_CONVERSION = YES;
				CLANG_WARN_OBJC_ROOT_CLASS = YES_ERROR;
				CLANG_WARN_UNREACHABLE_CODE = YES;
				CLANG_WARN__DUPLICATE_METHOD_MATCH = YES;
				"CODE_SIGN_IDENTITY[sdk=iphoneos*]" = "iPhone Developer";
				COPY_PHASE_STRIP = NO;
				DEBUG_INFORMATION_FORMAT = "dwarf-with-dsym";
				ENABLE_NS_ASSERTIONS = NO;
				ENABLE_STRICT_OBJC_MSGSEND = YES;
				GCC_C_LANGUAGE_STANDARD = gnu99;
				GCC_NO_COMMON_BLOCKS = YES;
				GCC_WARN_64_TO_32_BIT_CONVERSION = YES;
				GCC_WARN_ABOUT_RETURN_TYPE = YES_ERROR;
				GCC_WARN_UNDECLARED_SELECTOR = YES;
				GCC_WARN_UNINITIALIZED_AUTOS = YES_AGGRESSIVE;
				GCC_WARN_UNUSED_FUNCTION = YES;
				GCC_WARN_UNUSED_VARIABLE = YES;
				IPHONEOS_DEPLOYMENT_TARGET = 9.0;
				MTL_ENABLE_DEBUG_INFO = NO;
				SDKROOT = iphoneos;
				VALIDATE_PRODUCT = YES;
			};
			name = Release;
		};
		1FBE40B21B67D3CD001DABC2 /* Debug */ = {
			isa = XCBuildConfiguration;
			buildSettings = {
				ASSETCATALOG_COMPILER_APPICON_NAME = AppIcon;
				INFOPLIST_FILE = weibo/Info.plist;
				LD_RUNPATH_SEARCH_PATHS = "$(inherited) @executable_path/Frameworks";
				PRODUCT_BUNDLE_IDENTIFIER = friends.weibo;
				PRODUCT_NAME = "$(TARGET_NAME)";
			};
			name = Debug;
		};
		1FBE40B31B67D3CD001DABC2 /* Release */ = {
			isa = XCBuildConfiguration;
			buildSettings = {
				ASSETCATALOG_COMPILER_APPICON_NAME = AppIcon;
				INFOPLIST_FILE = weibo/Info.plist;
				LD_RUNPATH_SEARCH_PATHS = "$(inherited) @executable_path/Frameworks";
				PRODUCT_BUNDLE_IDENTIFIER = friends.weibo;
				PRODUCT_NAME = "$(TARGET_NAME)";
			};
			name = Release;
		};
/* End XCBuildConfiguration section */

/* Begin XCConfigurationList section */
		1FBE409A1B67D3CD001DABC2 /* Build configuration list for PBXProject "weibo" */ = {
			isa = XCConfigurationList;
			buildConfigurations = (
				1FBE40AF1B67D3CD001DABC2 /* Debug */,
				1FBE40B01B67D3CD001DABC2 /* Release */,
			);
			defaultConfigurationIsVisible = 0;
			defaultConfigurationName = Release;
		};
		1FBE40B11B67D3CD001DABC2 /* Build configuration list for PBXNativeTarget "weibo" */ = {
			isa = XCConfigurationList;
			buildConfigurations = (
				1FBE40B21B67D3CD001DABC2 /* Debug */,
				1FBE40B31B67D3CD001DABC2 /* Release */,
			);
			defaultConfigurationIsVisible = 0;
		};
/* End XCConfigurationList section */
	};
	rootObject = 1FBE40971B67D3CD001DABC2 /* Project object */;
}
